
Microsoft Visual Studio Solution File, Format Version 12.00
# Visual Studio Version 17
VisualStudioVersion = 17.1.31911.260
MinimumVisualStudioVersion = 10.0.40219.1
Project("{2150E333-8FDC-42A3-9474-1A3956D46DE8}") = "Common", "Common", "{C72913EB-76D6-4823-9432-128EE553BB0B}"
	ProjectSection(SolutionItems) = preProject
		..\..\.editorconfig = ..\..\.editorconfig
		..\..\.globalconfig = ..\..\.globalconfig
		..\CodeCoverage.runsettings = ..\CodeCoverage.runsettings
		..\Directory.Build.props = ..\Directory.Build.props
		..\Directory.Build.targets = ..\Directory.Build.targets
		..\Directory.Packages.props = ..\Directory.Packages.props
		..\Shared\GlobalTestSuppressions.cs = ..\Shared\GlobalTestSuppressions.cs
	EndProjectSection
EndProject
Project("{9A19103F-16F7-4668-BE54-9A1E7A4F7556}") = "Sweetener.Extensions.Configuration.Binder", "Sweetener.Extensions.Configuration.Binder\Sweetener.Extensions.Configuration.Binder.csproj", "{E43BD5CF-726F-43E8-86C8-99DC88997C55}"
EndProject
Project("{9A19103F-16F7-4668-BE54-9A1E7A4F7556}") = "Sweetener.Extensions.Configuration.Binder.Test", "Sweetener.Extensions.Configuration.Binder.Test\Sweetener.Extensions.Configuration.Binder.Test.csproj", "{DA9C3C18-1B76-48EE-9DAA-363CF8638DEF}"
EndProject
Project("{9A19103F-16F7-4668-BE54-9A1E7A4F7556}") = "Sweetener.SourceGeneration", "..\Shared\Sweetener.SourceGeneration\Sweetener.SourceGeneration.csproj", "{BFDB2D62-35E3-4B79-97ED-66F8F3180FC5}"
EndProject
Project("{FAE04EC0-301F-11D3-BF4B-00C04F79EFBC}") = "Sweetener.Extensions.Configuration", "Sweetener.Extensions.Configuration\Sweetener.Extensions.Configuration.csproj", "{DCD7C6F3-687E-4BE5-9CAB-004EF18BE551}"
EndProject
Global
	GlobalSection(SolutionConfigurationPlatforms) = preSolution
		Debug|Any CPU = Debug|Any CPU
		Release|Any CPU = Release|Any CPU
	EndGlobalSection
	GlobalSection(ProjectConfigurationPlatforms) = postSolution
		{E43BD5CF-726F-43E8-86C8-99DC88997C55}.Debug|Any CPU.ActiveCfg = Debug|Any CPU
		{E43BD5CF-726F-43E8-86C8-99DC88997C55}.Debug|Any CPU.Build.0 = Debug|Any CPU
		{E43BD5CF-726F-43E8-86C8-99DC88997C55}.Release|Any CPU.ActiveCfg = Release|Any CPU
		{E43BD5CF-726F-43E8-86C8-99DC88997C55}.Release|Any CPU.Build.0 = Release|Any CPU
		{DA9C3C18-1B76-48EE-9DAA-363CF8638DEF}.Debug|Any CPU.ActiveCfg = Debug|Any CPU
		{DA9C3C18-1B76-48EE-9DAA-363CF8638DEF}.Debug|Any CPU.Build.0 = Debug|Any CPU
		{DA9C3C18-1B76-48EE-9DAA-363CF8638DEF}.Release|Any CPU.ActiveCfg = Release|Any CPU
		{DA9C3C18-1B76-48EE-9DAA-363CF8638DEF}.Release|Any CPU.Build.0 = Release|Any CPU
		{BFDB2D62-35E3-4B79-97ED-66F8F3180FC5}.Debug|Any CPU.ActiveCfg = Debug|Any CPU
		{BFDB2D62-35E3-4B79-97ED-66F8F3180FC5}.Debug|Any CPU.Build.0 = Debug|Any CPU
		{BFDB2D62-35E3-4B79-97ED-66F8F3180FC5}.Release|Any CPU.ActiveCfg = Release|Any CPU
		{BFDB2D62-35E3-4B79-97ED-66F8F3180FC5}.Release|Any CPU.Build.0 = Release|Any CPU
		{DCD7C6F3-687E-4BE5-9CAB-004EF18BE551}.Debug|Any CPU.ActiveCfg = Debug|Any CPU
		{DCD7C6F3-687E-4BE5-9CAB-004EF18BE551}.Debug|Any CPU.Build.0 = Debug|Any CPU
		{DCD7C6F3-687E-4BE5-9CAB-004EF18BE551}.Release|Any CPU.ActiveCfg = Release|Any CPU
		{DCD7C6F3-687E-4BE5-9CAB-004EF18BE551}.Release|Any CPU.Build.0 = Release|Any CPU
	EndGlobalSection
	GlobalSection(SolutionProperties) = preSolution
		HideSolutionNode = FALSE
	EndGlobalSection
	GlobalSection(ExtensibilityGlobals) = postSolution
		SolutionGuid = {E7F771AD-ECD5-4455-AAA0-8EE62E85F5B4}
	EndGlobalSection
EndGlobal
