
Microsoft Visual Studio Solution File, Format Version 12.00
# Visual Studio Version 17
VisualStudioVersion = 17.1.31911.260
MinimumVisualStudioVersion = 10.0.40219.1
Project("{2150E333-8FDC-42A3-9474-1A3956D46DE8}") = "Common", "Common", "{BB6E7D2D-ABDF-4E1A-8AD4-7262ED7B020C}"
	ProjectSection(SolutionItems) = preProject
		..\..\.editorconfig = ..\..\.editorconfig
		..\..\.globalconfig = ..\..\.globalconfig
		..\CodeCoverage.runsettings = ..\CodeCoverage.runsettings
		..\Directory.Build.props = ..\Directory.Build.props
		..\Directory.Build.targets = ..\Directory.Build.targets
		..\Directory.Packages.props = ..\Directory.Packages.props
		..\Shared\GlobalTestSuppressions.cs = ..\Shared\GlobalTestSuppressions.cs
	EndProjectSection
EndProject
Project("{9A19103F-16F7-4668-BE54-9A1E7A4F7556}") = "Sweetener", "Sweetener\Sweetener.csproj", "{0CAE764E-CB11-4B4B-A0D2-F340BCFF7711}"
EndProject
Project("{9A19103F-16F7-4668-BE54-9A1E7A4F7556}") = "Sweetener.Linq", "Sweetener.Linq\Sweetener.Linq.csproj", "{284275CF-03E6-41EC-90C8-2537A605DC9E}"
EndProject
Project("{9A19103F-16F7-4668-BE54-9A1E7A4F7556}") = "Sweetener.Linq.Test", "Sweetener.Linq.Test\Sweetener.Linq.Test.csproj", "{A410C425-6B4F-4CE3-93A7-ED77964AC9C6}"
EndProject
Project("{9A19103F-16F7-4668-BE54-9A1E7A4F7556}") = "Sweetener.SourceGeneration", "..\Shared\Sweetener.SourceGeneration\Sweetener.SourceGeneration.csproj", "{B957A41F-2B58-4037-A8C2-363FC5BD5EC8}"
EndProject
Project("{9A19103F-16F7-4668-BE54-9A1E7A4F7556}") = "Sweetener.Test", "Sweetener.Test\Sweetener.Test.csproj", "{A7F1B2E0-FBDC-4245-88DA-EEE8A8AECE9E}"
EndProject
Global
	GlobalSection(SolutionConfigurationPlatforms) = preSolution
		Debug|Any CPU = Debug|Any CPU
		Release|Any CPU = Release|Any CPU
	EndGlobalSection
	GlobalSection(ProjectConfigurationPlatforms) = postSolution
		{0CAE764E-CB11-4B4B-A0D2-F340BCFF7711}.Debug|Any CPU.ActiveCfg = Debug|Any CPU
		{0CAE764E-CB11-4B4B-A0D2-F340BCFF7711}.Debug|Any CPU.Build.0 = Debug|Any CPU
		{0CAE764E-CB11-4B4B-A0D2-F340BCFF7711}.Release|Any CPU.ActiveCfg = Release|Any CPU
		{0CAE764E-CB11-4B4B-A0D2-F340BCFF7711}.Release|Any CPU.Build.0 = Release|Any CPU
		{284275CF-03E6-41EC-90C8-2537A605DC9E}.Debug|Any CPU.ActiveCfg = Debug|Any CPU
		{284275CF-03E6-41EC-90C8-2537A605DC9E}.Debug|Any CPU.Build.0 = Debug|Any CPU
		{284275CF-03E6-41EC-90C8-2537A605DC9E}.Release|Any CPU.ActiveCfg = Release|Any CPU
		{284275CF-03E6-41EC-90C8-2537A605DC9E}.Release|Any CPU.Build.0 = Release|Any CPU
		{A410C425-6B4F-4CE3-93A7-ED77964AC9C6}.Debug|Any CPU.ActiveCfg = Debug|Any CPU
		{A410C425-6B4F-4CE3-93A7-ED77964AC9C6}.Debug|Any CPU.Build.0 = Debug|Any CPU
		{A410C425-6B4F-4CE3-93A7-ED77964AC9C6}.Release|Any CPU.ActiveCfg = Release|Any CPU
		{A410C425-6B4F-4CE3-93A7-ED77964AC9C6}.Release|Any CPU.Build.0 = Release|Any CPU
		{B957A41F-2B58-4037-A8C2-363FC5BD5EC8}.Debug|Any CPU.ActiveCfg = Debug|Any CPU
		{B957A41F-2B58-4037-A8C2-363FC5BD5EC8}.Debug|Any CPU.Build.0 = Debug|Any CPU
		{B957A41F-2B58-4037-A8C2-363FC5BD5EC8}.Release|Any CPU.ActiveCfg = Release|Any CPU
		{B957A41F-2B58-4037-A8C2-363FC5BD5EC8}.Release|Any CPU.Build.0 = Release|Any CPU
		{A7F1B2E0-FBDC-4245-88DA-EEE8A8AECE9E}.Debug|Any CPU.ActiveCfg = Debug|Any CPU
		{A7F1B2E0-FBDC-4245-88DA-EEE8A8AECE9E}.Debug|Any CPU.Build.0 = Debug|Any CPU
		{A7F1B2E0-FBDC-4245-88DA-EEE8A8AECE9E}.Release|Any CPU.ActiveCfg = Release|Any CPU
		{A7F1B2E0-FBDC-4245-88DA-EEE8A8AECE9E}.Release|Any CPU.Build.0 = Release|Any CPU
	EndGlobalSection
	GlobalSection(SolutionProperties) = preSolution
		HideSolutionNode = FALSE
	EndGlobalSection
	GlobalSection(ExtensibilityGlobals) = postSolution
		SolutionGuid = {4604FD9D-6DEB-43A7-AA51-932827DA7AF9}
	EndGlobalSection
EndGlobal
