
Microsoft Visual Studio Solution File, Format Version 12.00
# Visual Studio Version 16
VisualStudioVersion = 16.0.28803.352
MinimumVisualStudioVersion = 10.0.40219.1
Project("{2150E333-8FDC-42A3-9474-1A3956D46DE8}") = "Solution Items", "Solution Items", "{7AE0F665-3CE8-4201-9525-DF7CD3573B1C}"
	ProjectSection(SolutionItems) = preProject
		..\.editorconfig = ..\.editorconfig
		..\CodeCoverage.runsettings = ..\CodeCoverage.runsettings
	EndProjectSection
EndProject
Project("{9A19103F-16F7-4668-BE54-9A1E7A4F7556}") = "Sweetener.Reliability", "Sweetener.Reliability\Sweetener.Reliability.csproj", "{2CC0F13B-B8DA-4871-A1DE-6D7144C2F29D}"
EndProject
Project("{9A19103F-16F7-4668-BE54-9A1E7A4F7556}") = "Sweetener.Reliability.Test", "Sweetener.Reliability.Test\Sweetener.Reliability.Test.csproj", "{3DF3C424-F337-4E13-8123-6E1F6FD43461}"
EndProject
Global
	GlobalSection(SolutionConfigurationPlatforms) = preSolution
		Debug|Any CPU = Debug|Any CPU
		Release|Any CPU = Release|Any CPU
	EndGlobalSection
	GlobalSection(ProjectConfigurationPlatforms) = postSolution
		{2CC0F13B-B8DA-4871-A1DE-6D7144C2F29D}.Debug|Any CPU.ActiveCfg = Debug|Any CPU
		{2CC0F13B-B8DA-4871-A1DE-6D7144C2F29D}.Debug|Any CPU.Build.0 = Debug|Any CPU
		{2CC0F13B-B8DA-4871-A1DE-6D7144C2F29D}.Release|Any CPU.ActiveCfg = Release|Any CPU
		{2CC0F13B-B8DA-4871-A1DE-6D7144C2F29D}.Release|Any CPU.Build.0 = Release|Any CPU
		{3DF3C424-F337-4E13-8123-6E1F6FD43461}.Debug|Any CPU.ActiveCfg = Debug|Any CPU
		{3DF3C424-F337-4E13-8123-6E1F6FD43461}.Debug|Any CPU.Build.0 = Debug|Any CPU
		{3DF3C424-F337-4E13-8123-6E1F6FD43461}.Release|Any CPU.ActiveCfg = Release|Any CPU
		{3DF3C424-F337-4E13-8123-6E1F6FD43461}.Release|Any CPU.Build.0 = Release|Any CPU
	EndGlobalSection
	GlobalSection(SolutionProperties) = preSolution
		HideSolutionNode = FALSE
	EndGlobalSection
	GlobalSection(ExtensibilityGlobals) = postSolution
		SolutionGuid = {F6F03838-0E0B-40B6-A87B-2A71309475AC}
	EndGlobalSection
EndGlobal
